
Microsoft Visual Studio Solution File, Format Version 12.00
# Visual Studio Version 16
VisualStudioVersion = 16.0.32106.194
MinimumVisualStudioVersion = 10.0.40219.1
Project("{FAE04EC0-301F-11D3-BF4B-00C04F79EFBC}") = "noghteKhat", "noghteKhat.csproj", "{F46D4591-35F2-4E48-A250-F566E07DFC56}"
EndProject
Global
	GlobalSection(SolutionConfigurationPlatforms) = preSolution
		Debug|Any CPU = Debug|Any CPU
		Release|Any CPU = Release|Any CPU
	EndGlobalSection
	GlobalSection(ProjectConfigurationPlatforms) = postSolution
		{F46D4591-35F2-4E48-A250-F566E07DFC56}.Debug|Any CPU.ActiveCfg = Debug|Any CPU
		{F46D4591-35F2-4E48-A250-F566E07DFC56}.Debug|Any CPU.Build.0 = Debug|Any CPU
		{F46D4591-35F2-4E48-A250-F566E07DFC56}.Release|Any CPU.ActiveCfg = Release|Any CPU
		{F46D4591-35F2-4E48-A250-F566E07DFC56}.Release|Any CPU.Build.0 = Release|Any CPU
	EndGlobalSection
	GlobalSection(SolutionProperties) = preSolution
		HideSolutionNode = FALSE
	EndGlobalSection
	GlobalSection(ExtensibilityGlobals) = postSolution
		SolutionGuid = {92B85F0F-B922-4629-8722-402D21742C9B}
	EndGlobalSection
EndGlobal
